<?xml version="1.0" encoding="utf-8"?>
<Project ToolsVersion="16.0" xmlns="http://schemas.microsoft.com/developer/msbuild/2003">
  <ItemGroup>
    <CustomBuild Include="C:\Virginia Tech\FALL2021\Data Structures\Project Source Codes\P1_2\CMakeFiles\7e30280633f83efcba823d7530d10250\generate.stamp.rule">
      <Filter>CMake Rules</Filter>
    </CustomBuild>
  </ItemGroup>
  <ItemGroup>
    <Filter Include="CMake Rules">
      <UniqueIdentifier>{7E3EC6BB-FD85-3F6E-B868-CCE591D7CE87}</UniqueIdentifier>
    </Filter>
  </ItemGroup>
</Project>
